
Microsoft Visual Studio Solution File, Format Version 12.00
# Visual Studio Version 17
VisualStudioVersion = 17.5.002.0
MinimumVisualStudioVersion = 10.0.40219.1
Project("{FAE04EC0-301F-11D3-BF4B-00C04F79EFBC}") = "SpanLinq.Tests", "SpanLinq.Tests\SpanLinq.Tests.csproj", "{261230D6-0D4A-4684-A03B-3890A460AE61}"
EndProject
Project("{FAE04EC0-301F-11D3-BF4B-00C04F79EFBC}") = "SpanLinq.Benchmarks", "SpanLinq.Benchmarks\SpanLinq.Benchmarks.csproj", "{EAA7121D-C03B-49D9-9E11-5526B56C9B7C}"
EndProject
Project("{FAE04EC0-301F-11D3-BF4B-00C04F79EFBC}") = "SpanLinq", "SpanLinq\SpanLinq.csproj", "{CAC19567-2E80-4340-B00E-22934CF0A785}"
EndProject
Global
	GlobalSection(SolutionProperties) = preSolution
		HideSolutionNode = FALSE
	EndGlobalSection
	GlobalSection(ExtensibilityGlobals) = postSolution
		SolutionGuid = {AB14D11E-35D6-4844-9A48-71E2F86A9F14}
	EndGlobalSection
	GlobalSection(SolutionConfigurationPlatforms) = preSolution
		Debug|Any CPU = Debug|Any CPU
		Debug|x64 = Debug|x64
		Debug|x86 = Debug|x86
		Release|Any CPU = Release|Any CPU
		Release|x64 = Release|x64
		Release|x86 = Release|x86
	EndGlobalSection
	GlobalSection(ProjectConfigurationPlatforms) = postSolution
		{261230D6-0D4A-4684-A03B-3890A460AE61}.Debug|Any CPU.ActiveCfg = Debug|Any CPU
		{261230D6-0D4A-4684-A03B-3890A460AE61}.Debug|Any CPU.Build.0 = Debug|Any CPU
		{261230D6-0D4A-4684-A03B-3890A460AE61}.Debug|x64.ActiveCfg = Debug|Any CPU
		{261230D6-0D4A-4684-A03B-3890A460AE61}.Debug|x64.Build.0 = Debug|Any CPU
		{261230D6-0D4A-4684-A03B-3890A460AE61}.Debug|x86.ActiveCfg = Debug|Any CPU
		{261230D6-0D4A-4684-A03B-3890A460AE61}.Debug|x86.Build.0 = Debug|Any CPU
		{261230D6-0D4A-4684-A03B-3890A460AE61}.Release|Any CPU.ActiveCfg = Release|Any CPU
		{261230D6-0D4A-4684-A03B-3890A460AE61}.Release|Any CPU.Build.0 = Release|Any CPU
		{261230D6-0D4A-4684-A03B-3890A460AE61}.Release|x64.ActiveCfg = Release|Any CPU
		{261230D6-0D4A-4684-A03B-3890A460AE61}.Release|x64.Build.0 = Release|Any CPU
		{261230D6-0D4A-4684-A03B-3890A460AE61}.Release|x86.ActiveCfg = Release|Any CPU
		{261230D6-0D4A-4684-A03B-3890A460AE61}.Release|x86.Build.0 = Release|Any CPU
		{EAA7121D-C03B-49D9-9E11-5526B56C9B7C}.Debug|Any CPU.ActiveCfg = Debug|Any CPU
		{EAA7121D-C03B-49D9-9E11-5526B56C9B7C}.Debug|Any CPU.Build.0 = Debug|Any CPU
		{EAA7121D-C03B-49D9-9E11-5526B56C9B7C}.Debug|x64.ActiveCfg = Debug|Any CPU
		{EAA7121D-C03B-49D9-9E11-5526B56C9B7C}.Debug|x64.Build.0 = Debug|Any CPU
		{EAA7121D-C03B-49D9-9E11-5526B56C9B7C}.Debug|x86.ActiveCfg = Debug|Any CPU
		{EAA7121D-C03B-49D9-9E11-5526B56C9B7C}.Debug|x86.Build.0 = Debug|Any CPU
		{EAA7121D-C03B-49D9-9E11-5526B56C9B7C}.Release|Any CPU.ActiveCfg = Release|Any CPU
		{EAA7121D-C03B-49D9-9E11-5526B56C9B7C}.Release|Any CPU.Build.0 = Release|Any CPU
		{EAA7121D-C03B-49D9-9E11-5526B56C9B7C}.Release|x64.ActiveCfg = Release|Any CPU
		{EAA7121D-C03B-49D9-9E11-5526B56C9B7C}.Release|x64.Build.0 = Release|Any CPU
		{EAA7121D-C03B-49D9-9E11-5526B56C9B7C}.Release|x86.ActiveCfg = Release|Any CPU
		{EAA7121D-C03B-49D9-9E11-5526B56C9B7C}.Release|x86.Build.0 = Release|Any CPU
		{CAC19567-2E80-4340-B00E-22934CF0A785}.Debug|Any CPU.ActiveCfg = Debug|Any CPU
		{CAC19567-2E80-4340-B00E-22934CF0A785}.Debug|Any CPU.Build.0 = Debug|Any CPU
		{CAC19567-2E80-4340-B00E-22934CF0A785}.Debug|x64.ActiveCfg = Debug|Any CPU
		{CAC19567-2E80-4340-B00E-22934CF0A785}.Debug|x64.Build.0 = Debug|Any CPU
		{CAC19567-2E80-4340-B00E-22934CF0A785}.Debug|x86.ActiveCfg = Debug|Any CPU
		{CAC19567-2E80-4340-B00E-22934CF0A785}.Debug|x86.Build.0 = Debug|Any CPU
		{CAC19567-2E80-4340-B00E-22934CF0A785}.Release|Any CPU.ActiveCfg = Release|Any CPU
		{CAC19567-2E80-4340-B00E-22934CF0A785}.Release|Any CPU.Build.0 = Release|Any CPU
		{CAC19567-2E80-4340-B00E-22934CF0A785}.Release|x64.ActiveCfg = Release|Any CPU
		{CAC19567-2E80-4340-B00E-22934CF0A785}.Release|x64.Build.0 = Release|Any CPU
		{CAC19567-2E80-4340-B00E-22934CF0A785}.Release|x86.ActiveCfg = Release|Any CPU
		{CAC19567-2E80-4340-B00E-22934CF0A785}.Release|x86.Build.0 = Release|Any CPU
	EndGlobalSection
EndGlobal
